
Microsoft Visual Studio Solution File, Format Version 12.00
# Visual Studio Version 16
VisualStudioVersion = 25.0.1705.4
MinimumVisualStudioVersion = 10.0.40219.1
Project("{FAE04EC0-301F-11D3-BF4B-00C04F79EFBC}") = "atprotosharp", "atprotosharp\atprotosharp.csproj", "{7754EA7B-AD0E-42BD-A9CF-877D6E4B3881}"
EndProject
Project("{FAE04EC0-301F-11D3-BF4B-00C04F79EFBC}") = "DevConsole", "DevConsole\DevConsole.csproj", "{F1FA139B-C1DB-44F2-A607-5ECE685A113E}"
EndProject
Project("{FAE04EC0-301F-11D3-BF4B-00C04F79EFBC}") = "atprotosharp.tests", "atprotosharp.tests\atprotosharp.tests.csproj", "{6CCB1409-E061-4588-8059-86B071F7441E}"
EndProject
Global
	GlobalSection(SolutionConfigurationPlatforms) = preSolution
		Debug|Any CPU = Debug|Any CPU
		Release|Any CPU = Release|Any CPU
	EndGlobalSection
	GlobalSection(ProjectConfigurationPlatforms) = postSolution
		{7754EA7B-AD0E-42BD-A9CF-877D6E4B3881}.Debug|Any CPU.ActiveCfg = Debug|Any CPU
		{7754EA7B-AD0E-42BD-A9CF-877D6E4B3881}.Debug|Any CPU.Build.0 = Debug|Any CPU
		{7754EA7B-AD0E-42BD-A9CF-877D6E4B3881}.Release|Any CPU.ActiveCfg = Release|Any CPU
		{7754EA7B-AD0E-42BD-A9CF-877D6E4B3881}.Release|Any CPU.Build.0 = Release|Any CPU
		{F1FA139B-C1DB-44F2-A607-5ECE685A113E}.Debug|Any CPU.ActiveCfg = Debug|Any CPU
		{F1FA139B-C1DB-44F2-A607-5ECE685A113E}.Debug|Any CPU.Build.0 = Debug|Any CPU
		{F1FA139B-C1DB-44F2-A607-5ECE685A113E}.Release|Any CPU.ActiveCfg = Release|Any CPU
		{F1FA139B-C1DB-44F2-A607-5ECE685A113E}.Release|Any CPU.Build.0 = Release|Any CPU
		{6CCB1409-E061-4588-8059-86B071F7441E}.Debug|Any CPU.ActiveCfg = Debug|Any CPU
		{6CCB1409-E061-4588-8059-86B071F7441E}.Debug|Any CPU.Build.0 = Debug|Any CPU
		{6CCB1409-E061-4588-8059-86B071F7441E}.Release|Any CPU.ActiveCfg = Release|Any CPU
		{6CCB1409-E061-4588-8059-86B071F7441E}.Release|Any CPU.Build.0 = Release|Any CPU
	EndGlobalSection
	GlobalSection(SolutionProperties) = preSolution
		HideSolutionNode = FALSE
	EndGlobalSection
	GlobalSection(ExtensibilityGlobals) = postSolution
		SolutionGuid = {E9F06709-592B-46F0-80EE-A08C8FFC1D79}
	EndGlobalSection
EndGlobal
